// !$*UTF8*$!
{
	archiveVersion = 1;
	classes = {
	};
	objectVersion = 51;
	objects = {

/* Begin PBXBuildFile section */
		055E076525AE73CC00EC8455 /* realtymelogo.jpg in Resources */ = {isa = PBXBuildFile; fileRef = 055E076425AE73CB00EC8455 /* realtymelogo.jpg */; };
		3B60879025D1D10A00C4183C /* forgotPassViewController.swift in Sources */ = {isa = PBXBuildFile; fileRef = 3B60878F25D1D10A00C4183C /* forgotPassViewController.swift */; };
		3B60879425D1D2D400C4183C /* notifViewController.swift in Sources */ = {isa = PBXBuildFile; fileRef = 3B60879325D1D2D400C4183C /* notifViewController.swift */; };
		3B60879825D1D2E300C4183C /* messageViewController.swift in Sources */ = {isa = PBXBuildFile; fileRef = 3B60879725D1D2E300C4183C /* messageViewController.swift */; };
		3B619E0425CE112C0095FEF6 /* AccountViewController.swift in Sources */ = {isa = PBXBuildFile; fileRef = 3B619E0325CE112C0095FEF6 /* AccountViewController.swift */; };
		3B65532825AE0A730041A10B /* AppDelegate.swift in Sources */ = {isa = PBXBuildFile; fileRef = 3B65532725AE0A730041A10B /* AppDelegate.swift */; };
		3B65532A25AE0A730041A10B /* SceneDelegate.swift in Sources */ = {isa = PBXBuildFile; fileRef = 3B65532925AE0A730041A10B /* SceneDelegate.swift */; };
		3B65532C25AE0A730041A10B /* ViewController.swift in Sources */ = {isa = PBXBuildFile; fileRef = 3B65532B25AE0A730041A10B /* ViewController.swift */; };
		3B65532F25AE0A730041A10B /* Main.storyboard in Resources */ = {isa = PBXBuildFile; fileRef = 3B65532D25AE0A730041A10B /* Main.storyboard */; };
		3B65533125AE0A750041A10B /* Assets.xcassets in Resources */ = {isa = PBXBuildFile; fileRef = 3B65533025AE0A750041A10B /* Assets.xcassets */; };
		3B66FE9A25BE59DF001D6779 /* GoogleService-Info.plist in Resources */ = {isa = PBXBuildFile; fileRef = 3B66FE9925BE59DF001D6779 /* GoogleService-Info.plist */; };
		3BA76F2625CA3B5C00F2EF74 /* Constants.swift in Sources */ = {isa = PBXBuildFile; fileRef = 3BA76F2525CA3B5C00F2EF74 /* Constants.swift */; };
		3BBF647F25CA107B00F5DC6A /* SignUpViewController.swift in Sources */ = {isa = PBXBuildFile; fileRef = 3BBF647E25CA107B00F5DC6A /* SignUpViewController.swift */; };
		3BBF648225CA108F00F5DC6A /* LoginViewController.swift in Sources */ = {isa = PBXBuildFile; fileRef = 3BBF648125CA108F00F5DC6A /* LoginViewController.swift */; };
		3BBF648525CA10A300F5DC6A /* HomeViewController.swift in Sources */ = {isa = PBXBuildFile; fileRef = 3BBF648425CA10A300F5DC6A /* HomeViewController.swift */; };
		3BFDD6EB25CA1AA7008395BC /* Utilities.swift in Sources */ = {isa = PBXBuildFile; fileRef = 3BFDD6EA25CA1AA7008395BC /* Utilities.swift */; };
		A87C1B56B46A9269A2D4B22F /* Pods_RealtyMe.framework in Frameworks */ = {isa = PBXBuildFile; fileRef = EFBF3DD6791548DD051E1713 /* Pods_RealtyMe.framework */; };
/* End PBXBuildFile section */

/* Begin PBXFileReference section */
		055E076425AE73CB00EC8455 /* realtymelogo.jpg */ = {isa = PBXFileReference; lastKnownFileType = image.jpeg; path = realtymelogo.jpg; sourceTree = "<group>"; };
		3B60878F25D1D10A00C4183C /* forgotPassViewController.swift */ = {isa = PBXFileReference; lastKnownFileType = sourcecode.swift; path = forgotPassViewController.swift; sourceTree = "<group>"; };
		3B60879325D1D2D400C4183C /* notifViewController.swift */ = {isa = PBXFileReference; lastKnownFileType = sourcecode.swift; path = notifViewController.swift; sourceTree = "<group>"; };
		3B60879725D1D2E300C4183C /* messageViewController.swift */ = {isa = PBXFileReference; lastKnownFileType = sourcecode.swift; path = messageViewController.swift; sourceTree = "<group>"; };
		3B619E0325CE112C0095FEF6 /* AccountViewController.swift */ = {isa = PBXFileReference; lastKnownFileType = sourcecode.swift; path = AccountViewController.swift; sourceTree = "<group>"; };
		3B65532425AE0A730041A10B /* RealtyMe.app */ = {isa = PBXFileReference; explicitFileType = wrapper.application; includeInIndex = 0; path = RealtyMe.app; sourceTree = BUILT_PRODUCTS_DIR; };
		3B65532725AE0A730041A10B /* AppDelegate.swift */ = {isa = PBXFileReference; lastKnownFileType = sourcecode.swift; path = AppDelegate.swift; sourceTree = "<group>"; };
		3B65532925AE0A730041A10B /* SceneDelegate.swift */ = {isa = PBXFileReference; lastKnownFileType = sourcecode.swift; path = SceneDelegate.swift; sourceTree = "<group>"; };
		3B65532B25AE0A730041A10B /* ViewController.swift */ = {isa = PBXFileReference; lastKnownFileType = sourcecode.swift; path = ViewController.swift; sourceTree = "<group>"; };
		3B65532E25AE0A730041A10B /* Base */ = {isa = PBXFileReference; lastKnownFileType = file.storyboard; name = Base; path = Base.lproj/Main.storyboard; sourceTree = "<group>"; };
		3B65533025AE0A750041A10B /* Assets.xcassets */ = {isa = PBXFileReference; lastKnownFileType = folder.assetcatalog; path = Assets.xcassets; sourceTree = "<group>"; };
		3B65533525AE0A750041A10B /* Info.plist */ = {isa = PBXFileReference; lastKnownFileType = text.plist.xml; path = Info.plist; sourceTree = "<group>"; };
		3B66FE9925BE59DF001D6779 /* GoogleService-Info.plist */ = {isa = PBXFileReference; fileEncoding = 4; lastKnownFileType = text.plist.xml; name = "GoogleService-Info.plist"; path = "../../../Downloads/GoogleService-Info.plist"; sourceTree = "<group>"; };
		3BA76F2525CA3B5C00F2EF74 /* Constants.swift */ = {isa = PBXFileReference; lastKnownFileType = sourcecode.swift; path = Constants.swift; sourceTree = "<group>"; };
		3BBF647E25CA107B00F5DC6A /* SignUpViewController.swift */ = {isa = PBXFileReference; lastKnownFileType = sourcecode.swift; path = SignUpViewController.swift; sourceTree = "<group>"; };
		3BBF648125CA108F00F5DC6A /* LoginViewController.swift */ = {isa = PBXFileReference; lastKnownFileType = sourcecode.swift; path = LoginViewController.swift; sourceTree = "<group>"; };
		3BBF648425CA10A300F5DC6A /* HomeViewController.swift */ = {isa = PBXFileReference; lastKnownFileType = sourcecode.swift; path = HomeViewController.swift; sourceTree = "<group>"; };
		3BFDD6EA25CA1AA7008395BC /* Utilities.swift */ = {isa = PBXFileReference; lastKnownFileType = sourcecode.swift; path = Utilities.swift; sourceTree = "<group>"; };
		71E747C8C9233C0CB96683D6 /* Pods-RealtyMe.release.xcconfig */ = {isa = PBXFileReference; includeInIndex = 1; lastKnownFileType = text.xcconfig; name = "Pods-RealtyMe.release.xcconfig"; path = "Target Support Files/Pods-RealtyMe/Pods-RealtyMe.release.xcconfig"; sourceTree = "<group>"; };
		EC3B5057A9764D3BB124947B /* Pods-RealtyMe.debug.xcconfig */ = {isa = PBXFileReference; includeInIndex = 1; lastKnownFileType = text.xcconfig; name = "Pods-RealtyMe.debug.xcconfig"; path = "Target Support Files/Pods-RealtyMe/Pods-RealtyMe.debug.xcconfig"; sourceTree = "<group>"; };
		EFBF3DD6791548DD051E1713 /* Pods_RealtyMe.framework */ = {isa = PBXFileReference; explicitFileType = wrapper.framework; includeInIndex = 0; path = Pods_RealtyMe.framework; sourceTree = BUILT_PRODUCTS_DIR; };
/* End PBXFileReference section */

/* Begin PBXFrameworksBuildPhase section */
		3B65532125AE0A730041A10B /* Frameworks */ = {
			isa = PBXFrameworksBuildPhase;
			buildActionMask = 2147483647;
			files = (
				A87C1B56B46A9269A2D4B22F /* Pods_RealtyMe.framework in Frameworks */,
			);
			runOnlyForDeploymentPostprocessing = 0;
		};
/* End PBXFrameworksBuildPhase section */

/* Begin PBXGroup section */
		3B65531B25AE0A730041A10B = {
			isa = PBXGroup;
			children = (
				3B65532625AE0A730041A10B /* RealtyMe */,
				3B65532525AE0A730041A10B /* Products */,
				49862424A73F9606B8A4A698 /* Pods */,
				B31EEE30B15B6EF040A8097D /* Frameworks */,
			);
			sourceTree = "<group>";
		};
		3B65532525AE0A730041A10B /* Products */ = {
			isa = PBXGroup;
			children = (
				3B65532425AE0A730041A10B /* RealtyMe.app */,
			);
			name = Products;
			sourceTree = "<group>";
		};
		3B65532625AE0A730041A10B /* RealtyMe */ = {
			isa = PBXGroup;
			children = (
				3BFDD6ED25CA1BA0008395BC /* Helpers */,
				3B65532725AE0A730041A10B /* AppDelegate.swift */,
				3BBF648725CA10AA00F5DC6A /* ViewControllers */,
				3B65532D25AE0A730041A10B /* Main.storyboard */,
				3B65532925AE0A730041A10B /* SceneDelegate.swift */,
				3B65533025AE0A750041A10B /* Assets.xcassets */,
				3B66FE9925BE59DF001D6779 /* GoogleService-Info.plist */,
				3B65533525AE0A750041A10B /* Info.plist */,
				055E076425AE73CB00EC8455 /* realtymelogo.jpg */,
			);
			path = RealtyMe;
			sourceTree = "<group>";
		};
		3BBF648725CA10AA00F5DC6A /* ViewControllers */ = {
			isa = PBXGroup;
			children = (
				3B60878F25D1D10A00C4183C /* forgotPassViewController.swift */,
				3BBF647E25CA107B00F5DC6A /* SignUpViewController.swift */,
				3BBF648125CA108F00F5DC6A /* LoginViewController.swift */,
				3BBF648425CA10A300F5DC6A /* HomeViewController.swift */,
				3B65532B25AE0A730041A10B /* ViewController.swift */,
				3B60879325D1D2D400C4183C /* notifViewController.swift */,
				3B60879725D1D2E300C4183C /* messageViewController.swift */,
				3B619E0325CE112C0095FEF6 /* AccountViewController.swift */,
			);
			path = ViewControllers;
			sourceTree = "<group>";
		};
		3BFDD6ED25CA1BA0008395BC /* Helpers */ = {
			isa = PBXGroup;
			children = (
				3BA76F2525CA3B5C00F2EF74 /* Constants.swift */,
				3BFDD6EA25CA1AA7008395BC /* Utilities.swift */,
			);
			path = Helpers;
			sourceTree = "<group>";
		};
		49862424A73F9606B8A4A698 /* Pods */ = {
			isa = PBXGroup;
			children = (
				EC3B5057A9764D3BB124947B /* Pods-RealtyMe.debug.xcconfig */,
				71E747C8C9233C0CB96683D6 /* Pods-RealtyMe.release.xcconfig */,
			);
			path = Pods;
			sourceTree = "<group>";
		};
		B31EEE30B15B6EF040A8097D /* Frameworks */ = {
			isa = PBXGroup;
			children = (
				EFBF3DD6791548DD051E1713 /* Pods_RealtyMe.framework */,
			);
			name = Frameworks;
			sourceTree = "<group>";
		};
/* End PBXGroup section */

/* Begin PBXNativeTarget section */
		3B65532325AE0A730041A10B /* RealtyMe */ = {
			isa = PBXNativeTarget;
			buildConfigurationList = 3B65533825AE0A750041A10B /* Build configuration list for PBXNativeTarget "RealtyMe" */;
			buildPhases = (
				0E914D4E28DCAB3BB8E06E0D /* [CP] Check Pods Manifest.lock */,
				3B65532025AE0A730041A10B /* Sources */,
				3B65532125AE0A730041A10B /* Frameworks */,
				3B65532225AE0A730041A10B /* Resources */,
				E25F9708370C5A1F7148CE69 /* [CP] Embed Pods Frameworks */,
				760B167CD67E9BF7CD98EB2A /* [CP] Copy Pods Resources */,
			);
			buildRules = (
			);
			dependencies = (
			);
			name = RealtyMe;
			productName = RealtyMe;
			productReference = 3B65532425AE0A730041A10B /* RealtyMe.app */;
			productType = "com.apple.product-type.application";
		};
/* End PBXNativeTarget section */

/* Begin PBXProject section */
		3B65531C25AE0A730041A10B /* Project object */ = {
			isa = PBXProject;
			attributes = {
				LastSwiftUpdateCheck = 1150;
				LastUpgradeCheck = 1150;
				ORGANIZATIONNAME = "Kelly Walby";
				TargetAttributes = {
					3B65532325AE0A730041A10B = {
						CreatedOnToolsVersion = 11.5;
					};
				};
			};
			buildConfigurationList = 3B65531F25AE0A730041A10B /* Build configuration list for PBXProject "RealtyMe" */;
			compatibilityVersion = "Xcode 9.3";
			developmentRegion = en;
			hasScannedForEncodings = 0;
			knownRegions = (
				en,
				Base,
			);
			mainGroup = 3B65531B25AE0A730041A10B;
			productRefGroup = 3B65532525AE0A730041A10B /* Products */;
			projectDirPath = "";
			projectRoot = "";
			targets = (
				3B65532325AE0A730041A10B /* RealtyMe */,
			);
		};
/* End PBXProject section */

/* Begin PBXResourcesBuildPhase section */
		3B65532225AE0A730041A10B /* Resources */ = {
			isa = PBXResourcesBuildPhase;
			buildActionMask = 2147483647;
			files = (
				3B65533125AE0A750041A10B /* Assets.xcassets in Resources */,
				3B66FE9A25BE59DF001D6779 /* GoogleService-Info.plist in Resources */,
				3B65532F25AE0A730041A10B /* Main.storyboard in Resources */,
				055E076525AE73CC00EC8455 /* realtymelogo.jpg in Resources */,
			);
			runOnlyForDeploymentPostprocessing = 0;
		};
/* End PBXResourcesBuildPhase section */

/* Begin PBXShellScriptBuildPhase section */
		0E914D4E28DCAB3BB8E06E0D /* [CP] Check Pods Manifest.lock */ = {
			isa = PBXShellScriptBuildPhase;
			buildActionMask = 2147483647;
			files = (
			);
			inputFileListPaths = (
			);
			inputPaths = (
				"${PODS_PODFILE_DIR_PATH}/Podfile.lock",
				"${PODS_ROOT}/Manifest.lock",
			);
			name = "[CP] Check Pods Manifest.lock";
			outputFileListPaths = (
			);
			outputPaths = (
				"$(DERIVED_FILE_DIR)/Pods-RealtyMe-checkManifestLockResult.txt",
			);
			runOnlyForDeploymentPostprocessing = 0;
			shellPath = /bin/sh;
			shellScript = "diff \"${PODS_PODFILE_DIR_PATH}/Podfile.lock\" \"${PODS_ROOT}/Manifest.lock\" > /dev/null\nif [ $? != 0 ] ; then\n    # print error to STDERR\n    echo \"error: The sandbox is not in sync with the Podfile.lock. Run 'pod install' or update your CocoaPods installation.\" >&2\n    exit 1\nfi\n# This output is used by Xcode 'outputs' to avoid re-running this script phase.\necho \"SUCCESS\" > \"${SCRIPT_OUTPUT_FILE_0}\"\n";
			showEnvVarsInLog = 0;
		};
		760B167CD67E9BF7CD98EB2A /* [CP] Copy Pods Resources */ = {
			isa = PBXShellScriptBuildPhase;
			buildActionMask = 2147483647;
			files = (
			);
			inputFileListPaths = (
				"${PODS_ROOT}/Target Support Files/Pods-RealtyMe/Pods-RealtyMe-resources-${CONFIGURATION}-input-files.xcfilelist",
			);
			name = "[CP] Copy Pods Resources";
			outputFileListPaths = (
				"${PODS_ROOT}/Target Support Files/Pods-RealtyMe/Pods-RealtyMe-resources-${CONFIGURATION}-output-files.xcfilelist",
			);
			runOnlyForDeploymentPostprocessing = 0;
			shellPath = /bin/sh;
			shellScript = "\"${PODS_ROOT}/Target Support Files/Pods-RealtyMe/Pods-RealtyMe-resources.sh\"\n";
			showEnvVarsInLog = 0;
		};
		E25F9708370C5A1F7148CE69 /* [CP] Embed Pods Frameworks */ = {
			isa = PBXShellScriptBuildPhase;
			buildActionMask = 2147483647;
			files = (
			);
			inputFileListPaths = (
				"${PODS_ROOT}/Target Support Files/Pods-RealtyMe/Pods-RealtyMe-frameworks-${CONFIGURATION}-input-files.xcfilelist",
			);
			name = "[CP] Embed Pods Frameworks";
			outputFileListPaths = (
				"${PODS_ROOT}/Target Support Files/Pods-RealtyMe/Pods-RealtyMe-frameworks-${CONFIGURATION}-output-files.xcfilelist",
			);
			runOnlyForDeploymentPostprocessing = 0;
			shellPath = /bin/sh;
			shellScript = "\"${PODS_ROOT}/Target Support Files/Pods-RealtyMe/Pods-RealtyMe-frameworks.sh\"\n";
			showEnvVarsInLog = 0;
		};
/* End PBXShellScriptBuildPhase section */

/* Begin PBXSourcesBuildPhase section */
		3B65532025AE0A730041A10B /* Sources */ = {
			isa = PBXSourcesBuildPhase;
			buildActionMask = 2147483647;
			files = (
				3B65532C25AE0A730041A10B /* ViewController.swift in Sources */,
				3B65532825AE0A730041A10B /* AppDelegate.swift in Sources */,
				3B60879025D1D10A00C4183C /* forgotPassViewController.swift in Sources */,
				3BFDD6EB25CA1AA7008395BC /* Utilities.swift in Sources */,
				3BBF647F25CA107B00F5DC6A /* SignUpViewController.swift in Sources */,
				3BBF648225CA108F00F5DC6A /* LoginViewController.swift in Sources */,
				3B65532A25AE0A730041A10B /* SceneDelegate.swift in Sources */,
				3BBF648525CA10A300F5DC6A /* HomeViewController.swift in Sources */,
				3BA76F2625CA3B5C00F2EF74 /* Constants.swift in Sources */,
				3B619E0425CE112C0095FEF6 /* AccountViewController.swift in Sources */,
				3B60879825D1D2E300C4183C /* messageViewController.swift in Sources */,
				3B60879425D1D2D400C4183C /* notifViewController.swift in Sources */,
			);
			runOnlyForDeploymentPostprocessing = 0;
		};
/* End PBXSourcesBuildPhase section */

/* Begin PBXVariantGroup section */
		3B65532D25AE0A730041A10B /* Main.storyboard */ = {
			isa = PBXVariantGroup;
			children = (
				3B65532E25AE0A730041A10B /* Base */,
			);
			name = Main.storyboard;
			sourceTree = "<group>";
		};
/* End PBXVariantGroup section */

/* Begin XCBuildConfiguration section */
		3B65533625AE0A750041A10B /* Debug */ = {
			isa = XCBuildConfiguration;
			buildSettings = {
				ALWAYS_SEARCH_USER_PATHS = NO;
				CLANG_ANALYZER_NONNULL = YES;
				CLANG_ANALYZER_NUMBER_OBJECT_CONVERSION = YES_AGGRESSIVE;
				CLANG_CXX_LANGUAGE_STANDARD = "gnu++14";
				CLANG_CXX_LIBRARY = "libc++";
				CLANG_ENABLE_MODULES = YES;
				CLANG_ENABLE_OBJC_ARC = YES;
				CLANG_ENABLE_OBJC_WEAK = YES;
				CLANG_WARN_BLOCK_CAPTURE_AUTORELEASING = YES;
				CLANG_WARN_BOOL_CONVERSION = YES;
				CLANG_WARN_COMMA = YES;
				CLANG_WARN_CONSTANT_CONVERSION = YES;
				CLANG_WARN_DEPRECATED_OBJC_IMPLEMENTATIONS = YES;
				CLANG_WARN_DIRECT_OBJC_ISA_USAGE = YES_ERROR;
				CLANG_WARN_DOCUMENTATION_COMMENTS = YES;
				CLANG_WARN_EMPTY_BODY = YES;
				CLANG_WARN_ENUM_CONVERSION = YES;
				CLANG_WARN_INFINITE_RECURSION = YES;
				CLANG_WARN_INT_CONVERSION = YES;
				CLANG_WARN_NON_LITERAL_NULL_CONVERSION = YES;
				CLANG_WARN_OBJC_IMPLICIT_RETAIN_SELF = YES;
				CLANG_WARN_OBJC_LITERAL_CONVERSION = YES;
				CLANG_WARN_OBJC_ROOT_CLASS = YES_ERROR;
				CLANG_WARN_RANGE_LOOP_ANALYSIS = YES;
				CLANG_WARN_STRICT_PROTOTYPES = YES;
				CLANG_WARN_SUSPICIOUS_MOVE = YES;
				CLANG_WARN_UNGUARDED_AVAILABILITY = YES_AGGRESSIVE;
				CLANG_WARN_UNREACHABLE_CODE = YES;
				CLANG_WARN__DUPLICATE_METHOD_MATCH = YES;
				COPY_PHASE_STRIP = NO;
				DEBUG_INFORMATION_FORMAT = dwarf;
				ENABLE_STRICT_OBJC_MSGSEND = YES;
				ENABLE_TESTABILITY = YES;
				GCC_C_LANGUAGE_STANDARD = gnu11;
				GCC_DYNAMIC_NO_PIC = NO;
				GCC_NO_COMMON_BLOCKS = YES;
				GCC_OPTIMIZATION_LEVEL = 0;
				GCC_PREPROCESSOR_DEFINITIONS = (
					"DEBUG=1",
					"$(inherited)",
				);
				GCC_WARN_64_TO_32_BIT_CONVERSION = YES;
				GCC_WARN_ABOUT_RETURN_TYPE = YES_ERROR;
				GCC_WARN_UNDECLARED_SELECTOR = YES;
				GCC_WARN_UNINITIALIZED_AUTOS = YES_AGGRESSIVE;
				GCC_WARN_UNUSED_FUNCTION = YES;
				GCC_WARN_UNUSED_VARIABLE = YES;
				IPHONEOS_DEPLOYMENT_TARGET = 13.5;
				MTL_ENABLE_DEBUG_INFO = INCLUDE_SOURCE;
				MTL_FAST_MATH = YES;
				ONLY_ACTIVE_ARCH = YES;
				SDKROOT = iphoneos;
				SWIFT_ACTIVE_COMPILATION_CONDITIONS = DEBUG;
				SWIFT_OPTIMIZATION_LEVEL = "-Onone";
			};
			name = Debug;
		};
		3B65533725AE0A750041A10B /* Release */ = {
			isa = XCBuildConfiguration;
			buildSettings = {
				ALWAYS_SEARCH_USER_PATHS = NO;
				CLANG_ANALYZER_NONNULL = YES;
				CLANG_ANALYZER_NUMBER_OBJECT_CONVERSION = YES_AGGRESSIVE;
				CLANG_CXX_LANGUAGE_STANDARD = "gnu++14";
				CLANG_CXX_LIBRARY = "libc++";
				CLANG_ENABLE_MODULES = YES;
				CLANG_ENABLE_OBJC_ARC = YES;
				CLANG_ENABLE_OBJC_WEAK = YES;
				CLANG_WARN_BLOCK_CAPTURE_AUTORELEASING = YES;
				CLANG_WARN_BOOL_CONVERSION = YES;
				CLANG_WARN_COMMA = YES;
				CLANG_WARN_CONSTANT_CONVERSION = YES;
				CLANG_WARN_DEPRECATED_OBJC_IMPLEMENTATIONS = YES;
				CLANG_WARN_DIRECT_OBJC_ISA_USAGE = YES_ERROR;
				CLANG_WARN_DOCUMENTATION_COMMENTS = YES;
				CLANG_WARN_EMPTY_BODY = YES;
				CLANG_WARN_ENUM_CONVERSION = YES;
				CLANG_WARN_INFINITE_RECURSION = YES;
				CLANG_WARN_INT_CONVERSION = YES;
				CLANG_WARN_NON_LITERAL_NULL_CONVERSION = YES;
				CLANG_WARN_OBJC_IMPLICIT_RETAIN_SELF = YES;
				CLANG_WARN_OBJC_LITERAL_CONVERSION = YES;
				CLANG_WARN_OBJC_ROOT_CLASS = YES_ERROR;
				CLANG_WARN_RANGE_LOOP_ANALYSIS = YES;
				CLANG_WARN_STRICT_PROTOTYPES = YES;
				CLANG_WARN_SUSPICIOUS_MOVE = YES;
				CLANG_WARN_UNGUARDED_AVAILABILITY = YES_AGGRESSIVE;
				CLANG_WARN_UNREACHABLE_CODE = YES;
				CLANG_WARN__DUPLICATE_METHOD_MATCH = YES;
				COPY_PHASE_STRIP = NO;
				DEBUG_INFORMATION_FORMAT = "dwarf-with-dsym";
				ENABLE_NS_ASSERTIONS = NO;
				ENABLE_STRICT_OBJC_MSGSEND = YES;
				GCC_C_LANGUAGE_STANDARD = gnu11;
				GCC_NO_COMMON_BLOCKS = YES;
				GCC_WARN_64_TO_32_BIT_CONVERSION = YES;
				GCC_WARN_ABOUT_RETURN_TYPE = YES_ERROR;
				GCC_WARN_UNDECLARED_SELECTOR = YES;
				GCC_WARN_UNINITIALIZED_AUTOS = YES_AGGRESSIVE;
				GCC_WARN_UNUSED_FUNCTION = YES;
				GCC_WARN_UNUSED_VARIABLE = YES;
				IPHONEOS_DEPLOYMENT_TARGET = 13.5;
				MTL_ENABLE_DEBUG_INFO = NO;
				MTL_FAST_MATH = YES;
				SDKROOT = iphoneos;
				SWIFT_COMPILATION_MODE = wholemodule;
				SWIFT_OPTIMIZATION_LEVEL = "-O";
				VALIDATE_PRODUCT = YES;
			};
			name = Release;
		};
		3B65533925AE0A750041A10B /* Debug */ = {
			isa = XCBuildConfiguration;
			baseConfigurationReference = EC3B5057A9764D3BB124947B /* Pods-RealtyMe.debug.xcconfig */;
			buildSettings = {
				ASSETCATALOG_COMPILER_APPICON_NAME = AppIcon;
				CODE_SIGN_STYLE = Automatic;
				DEVELOPMENT_TEAM = "";
				INFOPLIST_FILE = RealtyMe/Info.plist;
				LD_RUNPATH_SEARCH_PATHS = (
					"$(inherited)",
					"@executable_path/Frameworks",
				);
				PRODUCT_BUNDLE_IDENTIFIER = com.KellyWalby.RealtyMe;
				PRODUCT_NAME = "$(TARGET_NAME)";
				SWIFT_VERSION = 5.0;
				TARGETED_DEVICE_FAMILY = "1,2";
			};
			name = Debug;
		};
		3B65533A25AE0A750041A10B /* Release */ = {
			isa = XCBuildConfiguration;
			baseConfigurationReference = 71E747C8C9233C0CB96683D6 /* Pods-RealtyMe.release.xcconfig */;
			buildSettings = {
				ASSETCATALOG_COMPILER_APPICON_NAME = AppIcon;
				CODE_SIGN_STYLE = Automatic;
				DEVELOPMENT_TEAM = "";
				INFOPLIST_FILE = RealtyMe/Info.plist;
				LD_RUNPATH_SEARCH_PATHS = (
					"$(inherited)",
					"@executable_path/Frameworks",
				);
				PRODUCT_BUNDLE_IDENTIFIER = com.KellyWalby.RealtyMe;
				PRODUCT_NAME = "$(TARGET_NAME)";
				SWIFT_VERSION = 5.0;
				TARGETED_DEVICE_FAMILY = "1,2";
			};
			name = Release;
		};
/* End XCBuildConfiguration section */

/* Begin XCConfigurationList section */
		3B65531F25AE0A730041A10B /* Build configuration list for PBXProject "RealtyMe" */ = {
			isa = XCConfigurationList;
			buildConfigurations = (
				3B65533625AE0A750041A10B /* Debug */,
				3B65533725AE0A750041A10B /* Release */,
			);
			defaultConfigurationIsVisible = 0;
			defaultConfigurationName = Release;
		};
		3B65533825AE0A750041A10B /* Build configuration list for PBXNativeTarget "RealtyMe" */ = {
			isa = XCConfigurationList;
			buildConfigurations = (
				3B65533925AE0A750041A10B /* Debug */,
				3B65533A25AE0A750041A10B /* Release */,
			);
			defaultConfigurationIsVisible = 0;
			defaultConfigurationName = Release;
		};
/* End XCConfigurationList section */
	};
	rootObject = 3B65531C25AE0A730041A10B /* Project object */;
}
